
Microsoft Visual Studio Solution File, Format Version 12.00
# Visual Studio Version 16
VisualStudioVersion = 16.0.31205.134
MinimumVisualStudioVersion = 10.0.40219.1
Project("{FAE04EC0-301F-11D3-BF4B-00C04F79EFBC}") = "TRPO_Project", "TRPO_Project\TRPO_Project.csproj", "{74F97AEE-1FF6-4AFD-BDE1-76E3F3A291D0}"
EndProject
Global
	GlobalSection(SolutionConfigurationPlatforms) = preSolution
		Debug|Any CPU = Debug|Any CPU
		Release|Any CPU = Release|Any CPU
	EndGlobalSection
	GlobalSection(ProjectConfigurationPlatforms) = postSolution
		{74F97AEE-1FF6-4AFD-BDE1-76E3F3A291D0}.Debug|Any CPU.ActiveCfg = Debug|Any CPU
		{74F97AEE-1FF6-4AFD-BDE1-76E3F3A291D0}.Debug|Any CPU.Build.0 = Debug|Any CPU
		{74F97AEE-1FF6-4AFD-BDE1-76E3F3A291D0}.Release|Any CPU.ActiveCfg = Release|Any CPU
		{74F97AEE-1FF6-4AFD-BDE1-76E3F3A291D0}.Release|Any CPU.Build.0 = Release|Any CPU
	EndGlobalSection
	GlobalSection(SolutionProperties) = preSolution
		HideSolutionNode = FALSE
	EndGlobalSection
	GlobalSection(ExtensibilityGlobals) = postSolution
		SolutionGuid = {771E9F75-9E75-4685-B95B-928FA96026E9}
	EndGlobalSection
EndGlobal
